
Microsoft Visual Studio Solution File, Format Version 12.00
# Visual Studio Version 17
VisualStudioVersion = 17.13.35828.75 d17.13
MinimumVisualStudioVersion = 10.0.40219.1
Project("{FAE04EC0-301F-11D3-BF4B-00C04F79EFBC}") = "FailWordReader", "FailWordReader\FailWordReader.csproj", "{9210CB7E-B63D-4482-98FD-2A730D4A998A}"
EndProject
Global
	GlobalSection(SolutionConfigurationPlatforms) = preSolution
		Debug|Any CPU = Debug|Any CPU
		Release|Any CPU = Release|Any CPU
	EndGlobalSection
	GlobalSection(ProjectConfigurationPlatforms) = postSolution
		{9210CB7E-B63D-4482-98FD-2A730D4A998A}.Debug|Any CPU.ActiveCfg = Debug|Any CPU
		{9210CB7E-B63D-4482-98FD-2A730D4A998A}.Debug|Any CPU.Build.0 = Debug|Any CPU
		{9210CB7E-B63D-4482-98FD-2A730D4A998A}.Release|Any CPU.ActiveCfg = Release|Any CPU
		{9210CB7E-B63D-4482-98FD-2A730D4A998A}.Release|Any CPU.Build.0 = Release|Any CPU
	EndGlobalSection
	GlobalSection(SolutionProperties) = preSolution
		HideSolutionNode = FALSE
	EndGlobalSection
	GlobalSection(ExtensibilityGlobals) = postSolution
		SolutionGuid = {FEDBA3D7-3FA7-45E1-A6CD-0C2D9CAA48C8}
	EndGlobalSection
EndGlobal
