
Microsoft Visual Studio Solution File, Format Version 12.00
# Visual Studio Version 17
VisualStudioVersion = 17.13.35828.75 d17.13
MinimumVisualStudioVersion = 10.0.40219.1
Project("{FAE04EC0-301F-11D3-BF4B-00C04F79EFBC}") = "ForLoopArray", "ForLoopArray\ForLoopArray.csproj", "{5CBF911A-C8B1-4885-B372-6FC81710951D}"
EndProject
Global
	GlobalSection(SolutionConfigurationPlatforms) = preSolution
		Debug|Any CPU = Debug|Any CPU
		Release|Any CPU = Release|Any CPU
	EndGlobalSection
	GlobalSection(ProjectConfigurationPlatforms) = postSolution
		{5CBF911A-C8B1-4885-B372-6FC81710951D}.Debug|Any CPU.ActiveCfg = Debug|Any CPU
		{5CBF911A-C8B1-4885-B372-6FC81710951D}.Debug|Any CPU.Build.0 = Debug|Any CPU
		{5CBF911A-C8B1-4885-B372-6FC81710951D}.Release|Any CPU.ActiveCfg = Release|Any CPU
		{5CBF911A-C8B1-4885-B372-6FC81710951D}.Release|Any CPU.Build.0 = Release|Any CPU
	EndGlobalSection
	GlobalSection(SolutionProperties) = preSolution
		HideSolutionNode = FALSE
	EndGlobalSection
	GlobalSection(ExtensibilityGlobals) = postSolution
		SolutionGuid = {086C2D80-E204-488E-B6B8-A2B14ADBA696}
	EndGlobalSection
EndGlobal
