
Microsoft Visual Studio Solution File, Format Version 12.00
# Visual Studio Version 17
VisualStudioVersion = 17.13.35828.75 d17.13
MinimumVisualStudioVersion = 10.0.40219.1
Project("{FAE04EC0-301F-11D3-BF4B-00C04F79EFBC}") = "ForLoop", "ForLoop\ForLoop.csproj", "{2748707C-E9ED-4098-950F-35C96F49270A}"
EndProject
Global
	GlobalSection(SolutionConfigurationPlatforms) = preSolution
		Debug|Any CPU = Debug|Any CPU
		Release|Any CPU = Release|Any CPU
	EndGlobalSection
	GlobalSection(ProjectConfigurationPlatforms) = postSolution
		{2748707C-E9ED-4098-950F-35C96F49270A}.Debug|Any CPU.ActiveCfg = Debug|Any CPU
		{2748707C-E9ED-4098-950F-35C96F49270A}.Debug|Any CPU.Build.0 = Debug|Any CPU
		{2748707C-E9ED-4098-950F-35C96F49270A}.Release|Any CPU.ActiveCfg = Release|Any CPU
		{2748707C-E9ED-4098-950F-35C96F49270A}.Release|Any CPU.Build.0 = Release|Any CPU
	EndGlobalSection
	GlobalSection(SolutionProperties) = preSolution
		HideSolutionNode = FALSE
	EndGlobalSection
	GlobalSection(ExtensibilityGlobals) = postSolution
		SolutionGuid = {7488411F-4241-454F-B5F2-010A8511323F}
	EndGlobalSection
EndGlobal
