
Microsoft Visual Studio Solution File, Format Version 12.00
# Visual Studio Version 17
VisualStudioVersion = 17.13.35828.75 d17.13
MinimumVisualStudioVersion = 10.0.40219.1
Project("{FAE04EC0-301F-11D3-BF4B-00C04F79EFBC}") = "AnimalLenght", "AnimalLenght\AnimalLenght.csproj", "{1585E15B-6B69-4F05-BD47-A62123AD7EA5}"
EndProject
Global
	GlobalSection(SolutionConfigurationPlatforms) = preSolution
		Debug|Any CPU = Debug|Any CPU
		Release|Any CPU = Release|Any CPU
	EndGlobalSection
	GlobalSection(ProjectConfigurationPlatforms) = postSolution
		{1585E15B-6B69-4F05-BD47-A62123AD7EA5}.Debug|Any CPU.ActiveCfg = Debug|Any CPU
		{1585E15B-6B69-4F05-BD47-A62123AD7EA5}.Debug|Any CPU.Build.0 = Debug|Any CPU
		{1585E15B-6B69-4F05-BD47-A62123AD7EA5}.Release|Any CPU.ActiveCfg = Release|Any CPU
		{1585E15B-6B69-4F05-BD47-A62123AD7EA5}.Release|Any CPU.Build.0 = Release|Any CPU
	EndGlobalSection
	GlobalSection(SolutionProperties) = preSolution
		HideSolutionNode = FALSE
	EndGlobalSection
	GlobalSection(ExtensibilityGlobals) = postSolution
		SolutionGuid = {F0B43384-647A-4285-BBDE-EACA557B9B56}
	EndGlobalSection
EndGlobal
