
Microsoft Visual Studio Solution File, Format Version 12.00
# Visual Studio Version 17
VisualStudioVersion = 17.13.35828.75 d17.13
MinimumVisualStudioVersion = 10.0.40219.1
Project("{FAE04EC0-301F-11D3-BF4B-00C04F79EFBC}") = "Memory", "Memory\Memory.csproj", "{812CBDC5-21B8-4F3C-979E-C90B982E80FF}"
EndProject
Global
	GlobalSection(SolutionConfigurationPlatforms) = preSolution
		Debug|Any CPU = Debug|Any CPU
		Release|Any CPU = Release|Any CPU
	EndGlobalSection
	GlobalSection(ProjectConfigurationPlatforms) = postSolution
		{812CBDC5-21B8-4F3C-979E-C90B982E80FF}.Debug|Any CPU.ActiveCfg = Debug|Any CPU
		{812CBDC5-21B8-4F3C-979E-C90B982E80FF}.Debug|Any CPU.Build.0 = Debug|Any CPU
		{812CBDC5-21B8-4F3C-979E-C90B982E80FF}.Release|Any CPU.ActiveCfg = Release|Any CPU
		{812CBDC5-21B8-4F3C-979E-C90B982E80FF}.Release|Any CPU.Build.0 = Release|Any CPU
	EndGlobalSection
	GlobalSection(SolutionProperties) = preSolution
		HideSolutionNode = FALSE
	EndGlobalSection
	GlobalSection(ExtensibilityGlobals) = postSolution
		SolutionGuid = {040DA925-68E6-480F-B6DF-BD2E65A24900}
	EndGlobalSection
EndGlobal
