
Microsoft Visual Studio Solution File, Format Version 12.00
# Visual Studio Version 17
VisualStudioVersion = 17.13.35828.75 d17.13
MinimumVisualStudioVersion = 10.0.40219.1
Project("{FAE04EC0-301F-11D3-BF4B-00C04F79EFBC}") = "MaaKalkulaator", "MaaKalkulaator\MaaKalkulaator.csproj", "{647E6B4B-B357-4A91-8306-8508CFAFBCC4}"
EndProject
Global
	GlobalSection(SolutionConfigurationPlatforms) = preSolution
		Debug|Any CPU = Debug|Any CPU
		Release|Any CPU = Release|Any CPU
	EndGlobalSection
	GlobalSection(ProjectConfigurationPlatforms) = postSolution
		{647E6B4B-B357-4A91-8306-8508CFAFBCC4}.Debug|Any CPU.ActiveCfg = Debug|Any CPU
		{647E6B4B-B357-4A91-8306-8508CFAFBCC4}.Debug|Any CPU.Build.0 = Debug|Any CPU
		{647E6B4B-B357-4A91-8306-8508CFAFBCC4}.Release|Any CPU.ActiveCfg = Release|Any CPU
		{647E6B4B-B357-4A91-8306-8508CFAFBCC4}.Release|Any CPU.Build.0 = Release|Any CPU
	EndGlobalSection
	GlobalSection(SolutionProperties) = preSolution
		HideSolutionNode = FALSE
	EndGlobalSection
	GlobalSection(ExtensibilityGlobals) = postSolution
		SolutionGuid = {83E1CA9B-169D-4D4F-A063-4577B6D03C8B}
	EndGlobalSection
EndGlobal
