
Microsoft Visual Studio Solution File, Format Version 12.00
# Visual Studio Version 17
VisualStudioVersion = 17.13.35828.75 d17.13
MinimumVisualStudioVersion = 10.0.40219.1
Project("{FAE04EC0-301F-11D3-BF4B-00C04F79EFBC}") = "SwitchMultipleCases", "SwitchMultipleCases\SwitchMultipleCases.csproj", "{6EC997DA-AD12-47D0-A5AE-0C24A250E7E9}"
EndProject
Global
	GlobalSection(SolutionConfigurationPlatforms) = preSolution
		Debug|Any CPU = Debug|Any CPU
		Release|Any CPU = Release|Any CPU
	EndGlobalSection
	GlobalSection(ProjectConfigurationPlatforms) = postSolution
		{6EC997DA-AD12-47D0-A5AE-0C24A250E7E9}.Debug|Any CPU.ActiveCfg = Debug|Any CPU
		{6EC997DA-AD12-47D0-A5AE-0C24A250E7E9}.Debug|Any CPU.Build.0 = Debug|Any CPU
		{6EC997DA-AD12-47D0-A5AE-0C24A250E7E9}.Release|Any CPU.ActiveCfg = Release|Any CPU
		{6EC997DA-AD12-47D0-A5AE-0C24A250E7E9}.Release|Any CPU.Build.0 = Release|Any CPU
	EndGlobalSection
	GlobalSection(SolutionProperties) = preSolution
		HideSolutionNode = FALSE
	EndGlobalSection
	GlobalSection(ExtensibilityGlobals) = postSolution
		SolutionGuid = {220F9BF7-9932-4C99-A085-119F82AB9977}
	EndGlobalSection
EndGlobal
