
Microsoft Visual Studio Solution File, Format Version 12.00
# Visual Studio Version 17
VisualStudioVersion = 17.13.35828.75 d17.13
MinimumVisualStudioVersion = 10.0.40219.1
Project("{FAE04EC0-301F-11D3-BF4B-00C04F79EFBC}") = "SwitchMetohodCall", "SwitchMetohodCall\SwitchMetohodCall.csproj", "{397F2802-97E8-48E0-BD78-E6CBDA583858}"
EndProject
Global
	GlobalSection(SolutionConfigurationPlatforms) = preSolution
		Debug|Any CPU = Debug|Any CPU
		Release|Any CPU = Release|Any CPU
	EndGlobalSection
	GlobalSection(ProjectConfigurationPlatforms) = postSolution
		{397F2802-97E8-48E0-BD78-E6CBDA583858}.Debug|Any CPU.ActiveCfg = Debug|Any CPU
		{397F2802-97E8-48E0-BD78-E6CBDA583858}.Debug|Any CPU.Build.0 = Debug|Any CPU
		{397F2802-97E8-48E0-BD78-E6CBDA583858}.Release|Any CPU.ActiveCfg = Release|Any CPU
		{397F2802-97E8-48E0-BD78-E6CBDA583858}.Release|Any CPU.Build.0 = Release|Any CPU
	EndGlobalSection
	GlobalSection(SolutionProperties) = preSolution
		HideSolutionNode = FALSE
	EndGlobalSection
	GlobalSection(ExtensibilityGlobals) = postSolution
		SolutionGuid = {B027B32A-8D93-4E77-8EEB-3284A0AD88CE}
	EndGlobalSection
EndGlobal
