
Microsoft Visual Studio Solution File, Format Version 12.00
# Visual Studio Version 17
VisualStudioVersion = 17.13.35828.75 d17.13
MinimumVisualStudioVersion = 10.0.40219.1
Project("{FAE04EC0-301F-11D3-BF4B-00C04F79EFBC}") = "DecimalTobinary", "DecimalTobinary\DecimalTobinary.csproj", "{1B6D6BB3-5C53-484E-89BD-6CD3BF2A7830}"
EndProject
Global
	GlobalSection(SolutionConfigurationPlatforms) = preSolution
		Debug|Any CPU = Debug|Any CPU
		Release|Any CPU = Release|Any CPU
	EndGlobalSection
	GlobalSection(ProjectConfigurationPlatforms) = postSolution
		{1B6D6BB3-5C53-484E-89BD-6CD3BF2A7830}.Debug|Any CPU.ActiveCfg = Debug|Any CPU
		{1B6D6BB3-5C53-484E-89BD-6CD3BF2A7830}.Debug|Any CPU.Build.0 = Debug|Any CPU
		{1B6D6BB3-5C53-484E-89BD-6CD3BF2A7830}.Release|Any CPU.ActiveCfg = Release|Any CPU
		{1B6D6BB3-5C53-484E-89BD-6CD3BF2A7830}.Release|Any CPU.Build.0 = Release|Any CPU
	EndGlobalSection
	GlobalSection(SolutionProperties) = preSolution
		HideSolutionNode = FALSE
	EndGlobalSection
	GlobalSection(ExtensibilityGlobals) = postSolution
		SolutionGuid = {05DF79F6-9B58-420B-A8E8-DC24EB324002}
	EndGlobalSection
EndGlobal
